// !$*UTF8*$!
{
	archiveVersion = 1;
	classes = {
	};
	objectVersion = 46;
	objects = {

/* Begin PBXBuildFile section */
		1D3623260D0F684500981E51 /* MonoSynthAppDelegate.mm in Sources */ = {isa = PBXBuildFile; fileRef = 1D3623250D0F684500981E51 /* MonoSynthAppDelegate.mm */; };
		1D60589B0D05DD56006BFB54 /* main.mm in Sources */ = {isa = PBXBuildFile; fileRef = 29B97316FDCFA39411CA2CEA /* main.mm */; };
		1D60589F0D05DD5A006BFB54 /* Foundation.framework in Frameworks */ = {isa = PBXBuildFile; fileRef = 1D30AB110D05D00D00671497 /* Foundation.framework */; };
		1DF5F4E00D08C38300B7A737 /* UIKit.framework in Frameworks */ = {isa = PBXBuildFile; fileRef = 1DF5F4DF0D08C38300B7A737 /* UIKit.framework */; };
		2652563412542FCD00C44397 /* AudioToolbox.framework in Frameworks */ = {isa = PBXBuildFile; fileRef = 2652563312542FCD00C44397 /* AudioToolbox.framework */; };
		2654EC80121BAD2500AE5689 /* pushedWhitekey.png in Resources */ = {isa = PBXBuildFile; fileRef = 2654EC7F121BAD2500AE5689 /* pushedWhitekey.png */; };
		2677217711EC567F00B91986 /* whitekey.png in Resources */ = {isa = PBXBuildFile; fileRef = 2677217611EC567F00B91986 /* whitekey.png */; };
		2677217911EC568600B91986 /* blackkey.png in Resources */ = {isa = PBXBuildFile; fileRef = 2677217811EC568600B91986 /* blackkey.png */; };
		2692E97D11EB5E9000A1EF92 /* KeyboardView.mm in Sources */ = {isa = PBXBuildFile; fileRef = 2692E97C11EB5E9000A1EF92 /* KeyboardView.mm */; };
		26D600E51251CEB10055FEEB /* KnobOn.png in Resources */ = {isa = PBXBuildFile; fileRef = 26D600E41251CEB10055FEEB /* KnobOn.png */; };
		26D600E71251CEB70055FEEB /* KnobOff.png in Resources */ = {isa = PBXBuildFile; fileRef = 26D600E61251CEB70055FEEB /* KnobOff.png */; };
		26D601091251D00F0055FEEB /* KnobView.mm in Sources */ = {isa = PBXBuildFile; fileRef = 26D601081251D00F0055FEEB /* KnobView.mm */; };
		26F9888912599F3F003E0E9B /* LPCMPlayer.mm in Sources */ = {isa = PBXBuildFile; fileRef = 26F9888812599F3F003E0E9B /* LPCMPlayer.mm */; };
		26F98A0C125A08BB003E0E9B /* LpcmOut.mm in Sources */ = {isa = PBXBuildFile; fileRef = 26F98A0B125A08BB003E0E9B /* LpcmOut.mm */; };
		288765A50DF7441C002DB57D /* CoreGraphics.framework in Frameworks */ = {isa = PBXBuildFile; fileRef = 288765A40DF7441C002DB57D /* CoreGraphics.framework */; };
		2899E5220DE3E06400AC0155 /* MonoSynthViewController.xib in Resources */ = {isa = PBXBuildFile; fileRef = 2899E5210DE3E06400AC0155 /* MonoSynthViewController.xib */; };
		28AD733F0D9D9553002E5188 /* MainWindow.xib in Resources */ = {isa = PBXBuildFile; fileRef = 28AD733E0D9D9553002E5188 /* MainWindow.xib */; };
		28D7ACF80DDB3853001CB0EB /* MonoSynthViewController.mm in Sources */ = {isa = PBXBuildFile; fileRef = 28D7ACF70DDB3853001CB0EB /* MonoSynthViewController.mm */; };
/* End PBXBuildFile section */

/* Begin PBXFileReference section */
		1D30AB110D05D00D00671497 /* Foundation.framework */ = {isa = PBXFileReference; lastKnownFileType = wrapper.framework; name = Foundation.framework; path = System/Library/Frameworks/Foundation.framework; sourceTree = SDKROOT; };
		1D3623240D0F684500981E51 /* MonoSynthAppDelegate.h */ = {isa = PBXFileReference; fileEncoding = 4; lastKnownFileType = sourcecode.c.h; path = MonoSynthAppDelegate.h; sourceTree = "<group>"; };
		1D3623250D0F684500981E51 /* MonoSynthAppDelegate.mm */ = {isa = PBXFileReference; fileEncoding = 4; lastKnownFileType = sourcecode.cpp.objcpp; path = MonoSynthAppDelegate.mm; sourceTree = "<group>"; };
		1D6058910D05DD3D006BFB54 /* MonoSynth.app */ = {isa = PBXFileReference; explicitFileType = wrapper.application; includeInIndex = 0; path = MonoSynth.app; sourceTree = BUILT_PRODUCTS_DIR; };
		1DF5F4DF0D08C38300B7A737 /* UIKit.framework */ = {isa = PBXFileReference; lastKnownFileType = wrapper.framework; name = UIKit.framework; path = System/Library/Frameworks/UIKit.framework; sourceTree = SDKROOT; };
		2652563312542FCD00C44397 /* AudioToolbox.framework */ = {isa = PBXFileReference; lastKnownFileType = wrapper.framework; name = AudioToolbox.framework; path = System/Library/Frameworks/AudioToolbox.framework; sourceTree = SDKROOT; };
		2654EC7F121BAD2500AE5689 /* pushedWhitekey.png */ = {isa = PBXFileReference; lastKnownFileType = image.png; path = pushedWhitekey.png; sourceTree = "<group>"; };
		2677217611EC567F00B91986 /* whitekey.png */ = {isa = PBXFileReference; lastKnownFileType = image.png; path = whitekey.png; sourceTree = "<group>"; };
		2677217811EC568600B91986 /* blackkey.png */ = {isa = PBXFileReference; lastKnownFileType = image.png; path = blackkey.png; sourceTree = "<group>"; };
		2692E97B11EB5E9000A1EF92 /* KeyboardView.h */ = {isa = PBXFileReference; fileEncoding = 4; lastKnownFileType = sourcecode.c.h; path = KeyboardView.h; sourceTree = "<group>"; };
		2692E97C11EB5E9000A1EF92 /* KeyboardView.mm */ = {isa = PBXFileReference; fileEncoding = 4; lastKnownFileType = sourcecode.cpp.objcpp; path = KeyboardView.mm; sourceTree = "<group>"; };
		26D600E41251CEB10055FEEB /* KnobOn.png */ = {isa = PBXFileReference; lastKnownFileType = image.png; path = KnobOn.png; sourceTree = "<group>"; };
		26D600E61251CEB70055FEEB /* KnobOff.png */ = {isa = PBXFileReference; lastKnownFileType = image.png; path = KnobOff.png; sourceTree = "<group>"; };
		26D601071251D00F0055FEEB /* KnobView.h */ = {isa = PBXFileReference; fileEncoding = 4; lastKnownFileType = sourcecode.c.h; path = KnobView.h; sourceTree = "<group>"; };
		26D601081251D00F0055FEEB /* KnobView.mm */ = {isa = PBXFileReference; fileEncoding = 4; lastKnownFileType = sourcecode.cpp.objcpp; path = KnobView.mm; sourceTree = "<group>"; };
		26F9888712599F3F003E0E9B /* LPCMPlayer.h */ = {isa = PBXFileReference; fileEncoding = 4; lastKnownFileType = sourcecode.c.h; path = LPCMPlayer.h; sourceTree = "<group>"; };
		26F9888812599F3F003E0E9B /* LPCMPlayer.mm */ = {isa = PBXFileReference; fileEncoding = 4; lastKnownFileType = sourcecode.cpp.objcpp; path = LPCMPlayer.mm; sourceTree = "<group>"; };
		26F98A0A125A08BB003E0E9B /* LpcmOut.h */ = {isa = PBXFileReference; fileEncoding = 4; lastKnownFileType = sourcecode.c.h; path = LpcmOut.h; sourceTree = "<group>"; };
		26F98A0B125A08BB003E0E9B /* LpcmOut.mm */ = {isa = PBXFileReference; fileEncoding = 4; lastKnownFileType = sourcecode.cpp.objcpp; path = LpcmOut.mm; sourceTree = "<group>"; };
		288765A40DF7441C002DB57D /* CoreGraphics.framework */ = {isa = PBXFileReference; lastKnownFileType = wrapper.framework; name = CoreGraphics.framework; path = System/Library/Frameworks/CoreGraphics.framework; sourceTree = SDKROOT; };
		2899E5210DE3E06400AC0155 /* MonoSynthViewController.xib */ = {isa = PBXFileReference; lastKnownFileType = file.xib; path = MonoSynthViewController.xib; sourceTree = "<group>"; };
		28AD733E0D9D9553002E5188 /* MainWindow.xib */ = {isa = PBXFileReference; lastKnownFileType = file.xib; path = MainWindow.xib; sourceTree = "<group>"; };
		28D7ACF60DDB3853001CB0EB /* MonoSynthViewController.h */ = {isa = PBXFileReference; fileEncoding = 4; lastKnownFileType = sourcecode.c.h; path = MonoSynthViewController.h; sourceTree = "<group>"; };
		28D7ACF70DDB3853001CB0EB /* MonoSynthViewController.mm */ = {isa = PBXFileReference; fileEncoding = 4; lastKnownFileType = sourcecode.cpp.objcpp; path = MonoSynthViewController.mm; sourceTree = "<group>"; };
		29B97316FDCFA39411CA2CEA /* main.mm */ = {isa = PBXFileReference; fileEncoding = 4; lastKnownFileType = sourcecode.cpp.objcpp; path = main.mm; sourceTree = "<group>"; };
		32CA4F630368D1EE00C91783 /* MonoSynth_Prefix.pch */ = {isa = PBXFileReference; fileEncoding = 4; lastKnownFileType = sourcecode.c.h; path = MonoSynth_Prefix.pch; sourceTree = "<group>"; };
		8D1107310486CEB800E47090 /* MonoSynth-Info.plist */ = {isa = PBXFileReference; fileEncoding = 4; lastKnownFileType = text.plist.xml; path = "MonoSynth-Info.plist"; plistStructureDefinitionIdentifier = "com.apple.xcode.plist.structure-definition.iphone.info-plist"; sourceTree = "<group>"; };
/* End PBXFileReference section */

/* Begin PBXFrameworksBuildPhase section */
		1D60588F0D05DD3D006BFB54 /* Frameworks */ = {
			isa = PBXFrameworksBuildPhase;
			buildActionMask = 2147483647;
			files = (
				1D60589F0D05DD5A006BFB54 /* Foundation.framework in Frameworks */,
				1DF5F4E00D08C38300B7A737 /* UIKit.framework in Frameworks */,
				288765A50DF7441C002DB57D /* CoreGraphics.framework in Frameworks */,
				2652563412542FCD00C44397 /* AudioToolbox.framework in Frameworks */,
			);
			runOnlyForDeploymentPostprocessing = 0;
		};
/* End PBXFrameworksBuildPhase section */

/* Begin PBXGroup section */
		080E96DDFE201D6D7F000001 /* Classes */ = {
			isa = PBXGroup;
			children = (
				1D3623240D0F684500981E51 /* MonoSynthAppDelegate.h */,
				1D3623250D0F684500981E51 /* MonoSynthAppDelegate.mm */,
				28D7ACF60DDB3853001CB0EB /* MonoSynthViewController.h */,
				28D7ACF70DDB3853001CB0EB /* MonoSynthViewController.mm */,
				2692E97B11EB5E9000A1EF92 /* KeyboardView.h */,
				2692E97C11EB5E9000A1EF92 /* KeyboardView.mm */,
				26D601071251D00F0055FEEB /* KnobView.h */,
				26F98A0A125A08BB003E0E9B /* LpcmOut.h */,
				26F98A0B125A08BB003E0E9B /* LpcmOut.mm */,
				26D601081251D00F0055FEEB /* KnobView.mm */,
				26F9888712599F3F003E0E9B /* LPCMPlayer.h */,
				26F9888812599F3F003E0E9B /* LPCMPlayer.mm */,
			);
			path = Classes;
			sourceTree = "<group>";
		};
		19C28FACFE9D520D11CA2CBB /* Products */ = {
			isa = PBXGroup;
			children = (
				1D6058910D05DD3D006BFB54 /* MonoSynth.app */,
			);
			name = Products;
			sourceTree = "<group>";
		};
		29B97314FDCFA39411CA2CEA /* CustomTemplate */ = {
			isa = PBXGroup;
			children = (
				080E96DDFE201D6D7F000001 /* Classes */,
				29B97315FDCFA39411CA2CEA /* Other Sources */,
				29B97317FDCFA39411CA2CEA /* Resources */,
				29B97323FDCFA39411CA2CEA /* Frameworks */,
				19C28FACFE9D520D11CA2CBB /* Products */,
			);
			name = CustomTemplate;
			sourceTree = "<group>";
		};
		29B97315FDCFA39411CA2CEA /* Other Sources */ = {
			isa = PBXGroup;
			children = (
				32CA4F630368D1EE00C91783 /* MonoSynth_Prefix.pch */,
				29B97316FDCFA39411CA2CEA /* main.mm */,
			);
			name = "Other Sources";
			sourceTree = "<group>";
		};
		29B97317FDCFA39411CA2CEA /* Resources */ = {
			isa = PBXGroup;
			children = (
				2899E5210DE3E06400AC0155 /* MonoSynthViewController.xib */,
				2677217611EC567F00B91986 /* whitekey.png */,
				28AD733E0D9D9553002E5188 /* MainWindow.xib */,
				2677217811EC568600B91986 /* blackkey.png */,
				26D600E41251CEB10055FEEB /* KnobOn.png */,
				2654EC7F121BAD2500AE5689 /* pushedWhitekey.png */,
				26D600E61251CEB70055FEEB /* KnobOff.png */,
				8D1107310486CEB800E47090 /* MonoSynth-Info.plist */,
			);
			name = Resources;
			sourceTree = "<group>";
		};
		29B97323FDCFA39411CA2CEA /* Frameworks */ = {
			isa = PBXGroup;
			children = (
				1DF5F4DF0D08C38300B7A737 /* UIKit.framework */,
				1D30AB110D05D00D00671497 /* Foundation.framework */,
				288765A40DF7441C002DB57D /* CoreGraphics.framework */,
				2652563312542FCD00C44397 /* AudioToolbox.framework */,
			);
			name = Frameworks;
			sourceTree = "<group>";
		};
/* End PBXGroup section */

/* Begin PBXNativeTarget section */
		1D6058900D05DD3D006BFB54 /* MonoSynth */ = {
			isa = PBXNativeTarget;
			buildConfigurationList = 1D6058960D05DD3E006BFB54 /* Build configuration list for PBXNativeTarget "MonoSynth" */;
			buildPhases = (
				1D60588D0D05DD3D006BFB54 /* Resources */,
				1D60588E0D05DD3D006BFB54 /* Sources */,
				1D60588F0D05DD3D006BFB54 /* Frameworks */,
			);
			buildRules = (
			);
			dependencies = (
			);
			name = MonoSynth;
			productName = MonoSynth;
			productReference = 1D6058910D05DD3D006BFB54 /* MonoSynth.app */;
			productType = "com.apple.product-type.application";
		};
/* End PBXNativeTarget section */

/* Begin PBXProject section */
		29B97313FDCFA39411CA2CEA /* Project object */ = {
			isa = PBXProject;
			buildConfigurationList = C01FCF4E08A954540054247B /* Build configuration list for PBXProject "MonoSynth" */;
			compatibilityVersion = "Xcode 3.2";
			developmentRegion = English;
			hasScannedForEncodings = 1;
			knownRegions = (
				English,
				Japanese,
				French,
				German,
			);
			mainGroup = 29B97314FDCFA39411CA2CEA /* CustomTemplate */;
			projectDirPath = "";
			projectRoot = "";
			targets = (
				1D6058900D05DD3D006BFB54 /* MonoSynth */,
			);
		};
/* End PBXProject section */

/* Begin PBXResourcesBuildPhase section */
		1D60588D0D05DD3D006BFB54 /* Resources */ = {
			isa = PBXResourcesBuildPhase;
			buildActionMask = 2147483647;
			files = (
				28AD733F0D9D9553002E5188 /* MainWindow.xib in Resources */,
				2899E5220DE3E06400AC0155 /* MonoSynthViewController.xib in Resources */,
				2677217711EC567F00B91986 /* whitekey.png in Resources */,
				2677217911EC568600B91986 /* blackkey.png in Resources */,
				2654EC80121BAD2500AE5689 /* pushedWhitekey.png in Resources */,
				26D600E51251CEB10055FEEB /* KnobOn.png in Resources */,
				26D600E71251CEB70055FEEB /* KnobOff.png in Resources */,
			);
			runOnlyForDeploymentPostprocessing = 0;
		};
/* End PBXResourcesBuildPhase section */

/* Begin PBXSourcesBuildPhase section */
		1D60588E0D05DD3D006BFB54 /* Sources */ = {
			isa = PBXSourcesBuildPhase;
			buildActionMask = 2147483647;
			files = (
				1D60589B0D05DD56006BFB54 /* main.mm in Sources */,
				1D3623260D0F684500981E51 /* MonoSynthAppDelegate.mm in Sources */,
				28D7ACF80DDB3853001CB0EB /* MonoSynthViewController.mm in Sources */,
				2692E97D11EB5E9000A1EF92 /* KeyboardView.mm in Sources */,
				26D601091251D00F0055FEEB /* KnobView.mm in Sources */,
				26F9888912599F3F003E0E9B /* LPCMPlayer.mm in Sources */,
				26F98A0C125A08BB003E0E9B /* LpcmOut.mm in Sources */,
			);
			runOnlyForDeploymentPostprocessing = 0;
		};
/* End PBXSourcesBuildPhase section */

/* Begin XCBuildConfiguration section */
		1D6058940D05DD3E006BFB54 /* Debug */ = {
			isa = XCBuildConfiguration;
			buildSettings = {
				ALWAYS_SEARCH_USER_PATHS = NO;
				CODE_SIGN_IDENTITY = "iPhone Developer: Ikuo Kudo (XL952C2LVL)";
				"CODE_SIGN_IDENTITY[sdk=iphoneos*]" = "iPhone Developer: Ikuo Kudo (XL952C2LVL)";
				COPY_PHASE_STRIP = NO;
				GCC_DYNAMIC_NO_PIC = NO;
				GCC_OPTIMIZATION_LEVEL = 0;
				GCC_PRECOMPILE_PREFIX_HEADER = YES;
				GCC_PREFIX_HEADER = MonoSynth_Prefix.pch;
				INFOPLIST_FILE = "MonoSynth-Info.plist";
				PRODUCT_NAME = MonoSynth;
			};
			name = Debug;
		};
		1D6058950D05DD3E006BFB54 /* Release */ = {
			isa = XCBuildConfiguration;
			buildSettings = {
				ALWAYS_SEARCH_USER_PATHS = NO;
				COPY_PHASE_STRIP = YES;
				GCC_PRECOMPILE_PREFIX_HEADER = YES;
				GCC_PREFIX_HEADER = MonoSynth_Prefix.pch;
				INFOPLIST_FILE = "MonoSynth-Info.plist";
				PRODUCT_NAME = MonoSynth;
				VALIDATE_PRODUCT = YES;
			};
			name = Release;
		};
		C01FCF4F08A954540054247B /* Debug */ = {
			isa = XCBuildConfiguration;
			buildSettings = {
				ARCHS = "$(ARCHS_STANDARD_32_BIT)";
				CODE_SIGN_IDENTITY = "iPhone Developer: Ikuo Kudo (XL952C2LVL)";
				"CODE_SIGN_IDENTITY[sdk=iphoneos*]" = "iPhone Developer: Ikuo Kudo (XL952C2LVL)";
				GCC_C_LANGUAGE_STANDARD = c99;
				GCC_WARN_ABOUT_RETURN_TYPE = YES;
				GCC_WARN_UNUSED_VARIABLE = YES;
				IPHONEOS_DEPLOYMENT_TARGET = 4.2;
				PREBINDING = NO;
				PROVISIONING_PROFILE = "11220303-8F2D-40D7-A86E-870523EDF495";
				"PROVISIONING_PROFILE[sdk=iphoneos*]" = "11220303-8F2D-40D7-A86E-870523EDF495";
				SDKROOT = iphoneos;
			};
			name = Debug;
		};
		C01FCF5008A954540054247B /* Release */ = {
			isa = XCBuildConfiguration;
			buildSettings = {
				ARCHS = "$(ARCHS_STANDARD_32_BIT)";
				"CODE_SIGN_IDENTITY[sdk=iphoneos*]" = "iPhone Developer";
				GCC_C_LANGUAGE_STANDARD = c99;
				GCC_WARN_ABOUT_RETURN_TYPE = YES;
				GCC_WARN_UNUSED_VARIABLE = YES;
				OTHER_CFLAGS = "-DNS_BLOCK_ASSERTIONS=1";
				PREBINDING = NO;
				SDKROOT = iphoneos3.1.3;
			};
			name = Release;
		};
/* End XCBuildConfiguration section */

/* Begin XCConfigurationList section */
		1D6058960D05DD3E006BFB54 /* Build configuration list for PBXNativeTarget "MonoSynth" */ = {
			isa = XCConfigurationList;
			buildConfigurations = (
				1D6058940D05DD3E006BFB54 /* Debug */,
				1D6058950D05DD3E006BFB54 /* Release */,
			);
			defaultConfigurationIsVisible = 0;
			defaultConfigurationName = Release;
		};
		C01FCF4E08A954540054247B /* Build configuration list for PBXProject "MonoSynth" */ = {
			isa = XCConfigurationList;
			buildConfigurations = (
				C01FCF4F08A954540054247B /* Debug */,
				C01FCF5008A954540054247B /* Release */,
			);
			defaultConfigurationIsVisible = 0;
			defaultConfigurationName = Release;
		};
/* End XCConfigurationList section */
	};
	rootObject = 29B97313FDCFA39411CA2CEA /* Project object */;
}
